// !$*UTF8*$!
{
	archiveVersion = 1;
	classes = {
	};
	objectVersion = 56;
	objects = {

/* Begin PBXBuildFile section */
		E636E3842AEC62C6004291C6 /* ShortLinkListView.swift in Sources */ = {isa = PBXBuildFile; fileRef = E636E3832AEC62C6004291C6 /* ShortLinkListView.swift */; };
		E636E3862AEC6321004291C6 /* ShortLinkItemView.swift in Sources */ = {isa = PBXBuildFile; fileRef = E636E3852AEC6321004291C6 /* ShortLinkItemView.swift */; };
		E639F4CA2AEEC7550034B838 /* InputLinkView.swift in Sources */ = {isa = PBXBuildFile; fileRef = E639F4C92AEEC7550034B838 /* InputLinkView.swift */; };
		E639F4CC2AEEFEC20034B838 /* ShortLinkViewModelTests.swift in Sources */ = {isa = PBXBuildFile; fileRef = E639F4CB2AEEFEC20034B838 /* ShortLinkViewModelTests.swift */; };
		E6555C572AEC266B002B3C44 /* ToastView.swift in Sources */ = {isa = PBXBuildFile; fileRef = E6555C562AEC266B002B3C44 /* ToastView.swift */; };
		E6555C592AEC269B002B3C44 /* CGFloat+Spacing.swift in Sources */ = {isa = PBXBuildFile; fileRef = E6555C582AEC269B002B3C44 /* CGFloat+Spacing.swift */; };
		E6555C5D2AEC389F002B3C44 /* View+Extension.swift in Sources */ = {isa = PBXBuildFile; fileRef = E6555C5C2AEC389F002B3C44 /* View+Extension.swift */; };
		E6555C5F2AEC3BFC002B3C44 /* Localizable.xcstrings in Resources */ = {isa = PBXBuildFile; fileRef = E6555C5E2AEC3BFC002B3C44 /* Localizable.xcstrings */; };
		E67BC0752AEACD9A00C6F742 /* ShortLinkApp.swift in Sources */ = {isa = PBXBuildFile; fileRef = E67BC0742AEACD9A00C6F742 /* ShortLinkApp.swift */; };
		E67BC0772AEACD9A00C6F742 /* ShortLinkView.swift in Sources */ = {isa = PBXBuildFile; fileRef = E67BC0762AEACD9A00C6F742 /* ShortLinkView.swift */; };
		E67BC0792AEACD9C00C6F742 /* Assets.xcassets in Resources */ = {isa = PBXBuildFile; fileRef = E67BC0782AEACD9C00C6F742 /* Assets.xcassets */; };
		E67BC07C2AEACD9C00C6F742 /* Preview Assets.xcassets in Resources */ = {isa = PBXBuildFile; fileRef = E67BC07B2AEACD9C00C6F742 /* Preview Assets.xcassets */; };
		E67BC0862AEACD9C00C6F742 /* ShortLinkRepositoryTests.swift in Sources */ = {isa = PBXBuildFile; fileRef = E67BC0852AEACD9C00C6F742 /* ShortLinkRepositoryTests.swift */; };
		E67BC0902AEACD9D00C6F742 /* ShortLinkUITests.swift in Sources */ = {isa = PBXBuildFile; fileRef = E67BC08F2AEACD9D00C6F742 /* ShortLinkUITests.swift */; };
		E67BC0922AEACD9D00C6F742 /* ShortLinkUITestsLaunchTests.swift in Sources */ = {isa = PBXBuildFile; fileRef = E67BC0912AEACD9D00C6F742 /* ShortLinkUITestsLaunchTests.swift */; };
		E67BC0A82AEAD34D00C6F742 /* ShortLinkUIModels.swift in Sources */ = {isa = PBXBuildFile; fileRef = E67BC0A72AEAD34D00C6F742 /* ShortLinkUIModels.swift */; };
		E67BC0AB2AEAD36C00C6F742 /* ShortLinkViewModel.swift in Sources */ = {isa = PBXBuildFile; fileRef = E67BC0AA2AEAD36C00C6F742 /* ShortLinkViewModel.swift */; };
		E67BC0AE2AEAD3CD00C6F742 /* ShortLinkInjector.swift in Sources */ = {isa = PBXBuildFile; fileRef = E67BC0AD2AEAD3CD00C6F742 /* ShortLinkInjector.swift */; };
		E67BC0B22AEAD40A00C6F742 /* CreateShortLinkRemoteModels.swift in Sources */ = {isa = PBXBuildFile; fileRef = E67BC0B12AEAD40A00C6F742 /* CreateShortLinkRemoteModels.swift */; };
		E67BC0B42AEAD41900C6F742 /* CreateShortLinkRemoteDataSource.swift in Sources */ = {isa = PBXBuildFile; fileRef = E67BC0B32AEAD41900C6F742 /* CreateShortLinkRemoteDataSource.swift */; };
		E67BC0B62AEAD42400C6F742 /* ShortLinkRepository.swift in Sources */ = {isa = PBXBuildFile; fileRef = E67BC0B52AEAD42400C6F742 /* ShortLinkRepository.swift */; };
		E67BC0B92AEAD48F00C6F742 /* ShortLinkDomainModels.swift in Sources */ = {isa = PBXBuildFile; fileRef = E67BC0B82AEAD48F00C6F742 /* ShortLinkDomainModels.swift */; };
		E67BC0BD2AEAD4C500C6F742 /* CreateShortLinkUseCase.swift in Sources */ = {isa = PBXBuildFile; fileRef = E67BC0BC2AEAD4C500C6F742 /* CreateShortLinkUseCase.swift */; };
		E67BC0C32AEAD58F00C6F742 /* BuildConfig.swift in Sources */ = {isa = PBXBuildFile; fileRef = E67BC0C22AEAD58F00C6F742 /* BuildConfig.swift */; };
		E67BC0C52AEAD6C300C6F742 /* NetworkClientBuilder.swift in Sources */ = {isa = PBXBuildFile; fileRef = E67BC0C42AEAD6C300C6F742 /* NetworkClientBuilder.swift */; };
		E67BC0C72AEAD95E00C6F742 /* URL+Extension.swift in Sources */ = {isa = PBXBuildFile; fileRef = E67BC0C62AEAD95E00C6F742 /* URL+Extension.swift */; };
		E67BC0C92AEAD9B300C6F742 /* String+Extension.swift in Sources */ = {isa = PBXBuildFile; fileRef = E67BC0C82AEAD9B300C6F742 /* String+Extension.swift */; };
/* End PBXBuildFile section */

/* Begin PBXContainerItemProxy section */
		E67BC0822AEACD9C00C6F742 /* PBXContainerItemProxy */ = {
			isa = PBXContainerItemProxy;
			containerPortal = E67BC0692AEACD9A00C6F742 /* Project object */;
			proxyType = 1;
			remoteGlobalIDString = E67BC0702AEACD9A00C6F742;
			remoteInfo = ShortLink;
		};
		E67BC08C2AEACD9D00C6F742 /* PBXContainerItemProxy */ = {
			isa = PBXContainerItemProxy;
			containerPortal = E67BC0692AEACD9A00C6F742 /* Project object */;
			proxyType = 1;
			remoteGlobalIDString = E67BC0702AEACD9A00C6F742;
			remoteInfo = ShortLink;
		};
/* End PBXContainerItemProxy section */

/* Begin PBXFileReference section */
		E636E3832AEC62C6004291C6 /* ShortLinkListView.swift */ = {isa = PBXFileReference; lastKnownFileType = sourcecode.swift; path = ShortLinkListView.swift; sourceTree = "<group>"; };
		E636E3852AEC6321004291C6 /* ShortLinkItemView.swift */ = {isa = PBXFileReference; lastKnownFileType = sourcecode.swift; path = ShortLinkItemView.swift; sourceTree = "<group>"; };
		E639F4C92AEEC7550034B838 /* InputLinkView.swift */ = {isa = PBXFileReference; lastKnownFileType = sourcecode.swift; path = InputLinkView.swift; sourceTree = "<group>"; };
		E639F4CB2AEEFEC20034B838 /* ShortLinkViewModelTests.swift */ = {isa = PBXFileReference; lastKnownFileType = sourcecode.swift; path = ShortLinkViewModelTests.swift; sourceTree = "<group>"; };
		E6555C562AEC266B002B3C44 /* ToastView.swift */ = {isa = PBXFileReference; lastKnownFileType = sourcecode.swift; path = ToastView.swift; sourceTree = "<group>"; };
		E6555C582AEC269B002B3C44 /* CGFloat+Spacing.swift */ = {isa = PBXFileReference; lastKnownFileType = sourcecode.swift; path = "CGFloat+Spacing.swift"; sourceTree = "<group>"; };
		E6555C5C2AEC389F002B3C44 /* View+Extension.swift */ = {isa = PBXFileReference; lastKnownFileType = sourcecode.swift; path = "View+Extension.swift"; sourceTree = "<group>"; };
		E6555C5E2AEC3BFC002B3C44 /* Localizable.xcstrings */ = {isa = PBXFileReference; lastKnownFileType = text.json.xcstrings; path = Localizable.xcstrings; sourceTree = "<group>"; };
		E67BC0712AEACD9A00C6F742 /* ShortLink.app */ = {isa = PBXFileReference; explicitFileType = wrapper.application; includeInIndex = 0; path = ShortLink.app; sourceTree = BUILT_PRODUCTS_DIR; };
		E67BC0742AEACD9A00C6F742 /* ShortLinkApp.swift */ = {isa = PBXFileReference; lastKnownFileType = sourcecode.swift; path = ShortLinkApp.swift; sourceTree = "<group>"; };
		E67BC0762AEACD9A00C6F742 /* ShortLinkView.swift */ = {isa = PBXFileReference; lastKnownFileType = sourcecode.swift; path = ShortLinkView.swift; sourceTree = "<group>"; };
		E67BC0782AEACD9C00C6F742 /* Assets.xcassets */ = {isa = PBXFileReference; lastKnownFileType = folder.assetcatalog; path = Assets.xcassets; sourceTree = "<group>"; };
		E67BC07B2AEACD9C00C6F742 /* Preview Assets.xcassets */ = {isa = PBXFileReference; lastKnownFileType = folder.assetcatalog; path = "Preview Assets.xcassets"; sourceTree = "<group>"; };
		E67BC0812AEACD9C00C6F742 /* ShortLinkTests.xctest */ = {isa = PBXFileReference; explicitFileType = wrapper.cfbundle; includeInIndex = 0; path = ShortLinkTests.xctest; sourceTree = BUILT_PRODUCTS_DIR; };
		E67BC0852AEACD9C00C6F742 /* ShortLinkRepositoryTests.swift */ = {isa = PBXFileReference; lastKnownFileType = sourcecode.swift; path = ShortLinkRepositoryTests.swift; sourceTree = "<group>"; };
		E67BC08B2AEACD9D00C6F742 /* ShortLinkUITests.xctest */ = {isa = PBXFileReference; explicitFileType = wrapper.cfbundle; includeInIndex = 0; path = ShortLinkUITests.xctest; sourceTree = BUILT_PRODUCTS_DIR; };
		E67BC08F2AEACD9D00C6F742 /* ShortLinkUITests.swift */ = {isa = PBXFileReference; lastKnownFileType = sourcecode.swift; path = ShortLinkUITests.swift; sourceTree = "<group>"; };
		E67BC0912AEACD9D00C6F742 /* ShortLinkUITestsLaunchTests.swift */ = {isa = PBXFileReference; lastKnownFileType = sourcecode.swift; path = ShortLinkUITestsLaunchTests.swift; sourceTree = "<group>"; };
		E67BC0A72AEAD34D00C6F742 /* ShortLinkUIModels.swift */ = {isa = PBXFileReference; lastKnownFileType = sourcecode.swift; path = ShortLinkUIModels.swift; sourceTree = "<group>"; };
		E67BC0AA2AEAD36C00C6F742 /* ShortLinkViewModel.swift */ = {isa = PBXFileReference; lastKnownFileType = sourcecode.swift; path = ShortLinkViewModel.swift; sourceTree = "<group>"; };
		E67BC0AD2AEAD3CD00C6F742 /* ShortLinkInjector.swift */ = {isa = PBXFileReference; lastKnownFileType = sourcecode.swift; path = ShortLinkInjector.swift; sourceTree = "<group>"; };
		E67BC0B12AEAD40A00C6F742 /* CreateShortLinkRemoteModels.swift */ = {isa = PBXFileReference; lastKnownFileType = sourcecode.swift; path = CreateShortLinkRemoteModels.swift; sourceTree = "<group>"; };
		E67BC0B32AEAD41900C6F742 /* CreateShortLinkRemoteDataSource.swift */ = {isa = PBXFileReference; lastKnownFileType = sourcecode.swift; path = CreateShortLinkRemoteDataSource.swift; sourceTree = "<group>"; };
		E67BC0B52AEAD42400C6F742 /* ShortLinkRepository.swift */ = {isa = PBXFileReference; lastKnownFileType = sourcecode.swift; path = ShortLinkRepository.swift; sourceTree = "<group>"; };
		E67BC0B82AEAD48F00C6F742 /* ShortLinkDomainModels.swift */ = {isa = PBXFileReference; lastKnownFileType = sourcecode.swift; path = ShortLinkDomainModels.swift; sourceTree = "<group>"; };
		E67BC0BC2AEAD4C500C6F742 /* CreateShortLinkUseCase.swift */ = {isa = PBXFileReference; lastKnownFileType = sourcecode.swift; path = CreateShortLinkUseCase.swift; sourceTree = "<group>"; };
		E67BC0C12AEAD57800C6F742 /* Debug.xcconfig */ = {isa = PBXFileReference; lastKnownFileType = text.xcconfig; path = Debug.xcconfig; sourceTree = "<group>"; };
		E67BC0C22AEAD58F00C6F742 /* BuildConfig.swift */ = {isa = PBXFileReference; lastKnownFileType = sourcecode.swift; path = BuildConfig.swift; sourceTree = "<group>"; };
		E67BC0C42AEAD6C300C6F742 /* NetworkClientBuilder.swift */ = {isa = PBXFileReference; lastKnownFileType = sourcecode.swift; path = NetworkClientBuilder.swift; sourceTree = "<group>"; };
		E67BC0C62AEAD95E00C6F742 /* URL+Extension.swift */ = {isa = PBXFileReference; lastKnownFileType = sourcecode.swift; path = "URL+Extension.swift"; sourceTree = "<group>"; };
		E67BC0C82AEAD9B300C6F742 /* String+Extension.swift */ = {isa = PBXFileReference; lastKnownFileType = sourcecode.swift; path = "String+Extension.swift"; sourceTree = "<group>"; };
		E67BC0CA2AEADBDB00C6F742 /* Info.plist */ = {isa = PBXFileReference; lastKnownFileType = text.plist; path = Info.plist; sourceTree = "<group>"; };
/* End PBXFileReference section */

/* Begin PBXFrameworksBuildPhase section */
		E67BC06E2AEACD9A00C6F742 /* Frameworks */ = {
			isa = PBXFrameworksBuildPhase;
			buildActionMask = 2147483647;
			files = (
			);
			runOnlyForDeploymentPostprocessing = 0;
		};
		E67BC07E2AEACD9C00C6F742 /* Frameworks */ = {
			isa = PBXFrameworksBuildPhase;
			buildActionMask = 2147483647;
			files = (
			);
			runOnlyForDeploymentPostprocessing = 0;
		};
		E67BC0882AEACD9C00C6F742 /* Frameworks */ = {
			isa = PBXFrameworksBuildPhase;
			buildActionMask = 2147483647;
			files = (
			);
			runOnlyForDeploymentPostprocessing = 0;
		};
/* End PBXFrameworksBuildPhase section */

/* Begin PBXGroup section */
		E67BC0682AEACD9A00C6F742 = {
			isa = PBXGroup;
			children = (
				E67BC0732AEACD9A00C6F742 /* ShortLink */,
				E67BC0842AEACD9C00C6F742 /* ShortLinkTests */,
				E67BC08E2AEACD9D00C6F742 /* ShortLinkUITests */,
				E67BC0722AEACD9A00C6F742 /* Products */,
			);
			sourceTree = "<group>";
		};
		E67BC0722AEACD9A00C6F742 /* Products */ = {
			isa = PBXGroup;
			children = (
				E67BC0712AEACD9A00C6F742 /* ShortLink.app */,
				E67BC0812AEACD9C00C6F742 /* ShortLinkTests.xctest */,
				E67BC08B2AEACD9D00C6F742 /* ShortLinkUITests.xctest */,
			);
			name = Products;
			sourceTree = "<group>";
		};
		E67BC0732AEACD9A00C6F742 /* ShortLink */ = {
			isa = PBXGroup;
			children = (
				E67BC09E2AEAD1B600C6F742 /* features */,
				E67BC09F2AEAD1C200C6F742 /* foundation */,
				E67BC0A02AEAD1CD00C6F742 /* buildconfig */,
				E67BC0CA2AEADBDB00C6F742 /* Info.plist */,
				E67BC0742AEACD9A00C6F742 /* ShortLinkApp.swift */,
				E67BC0782AEACD9C00C6F742 /* Assets.xcassets */,
				E67BC07A2AEACD9C00C6F742 /* Preview Content */,
			);
			path = ShortLink;
			sourceTree = "<group>";
		};
		E67BC07A2AEACD9C00C6F742 /* Preview Content */ = {
			isa = PBXGroup;
			children = (
				E67BC07B2AEACD9C00C6F742 /* Preview Assets.xcassets */,
			);
			path = "Preview Content";
			sourceTree = "<group>";
		};
		E67BC0842AEACD9C00C6F742 /* ShortLinkTests */ = {
			isa = PBXGroup;
			children = (
				E67BC0852AEACD9C00C6F742 /* ShortLinkRepositoryTests.swift */,
				E639F4CB2AEEFEC20034B838 /* ShortLinkViewModelTests.swift */,
			);
			path = ShortLinkTests;
			sourceTree = "<group>";
		};
		E67BC08E2AEACD9D00C6F742 /* ShortLinkUITests */ = {
			isa = PBXGroup;
			children = (
				E67BC08F2AEACD9D00C6F742 /* ShortLinkUITests.swift */,
				E67BC0912AEACD9D00C6F742 /* ShortLinkUITestsLaunchTests.swift */,
			);
			path = ShortLinkUITests;
			sourceTree = "<group>";
		};
		E67BC09E2AEAD1B600C6F742 /* features */ = {
			isa = PBXGroup;
			children = (
				E67BC0A12AEAD28000C6F742 /* shortlink */,
			);
			path = features;
			sourceTree = "<group>";
		};
		E67BC09F2AEAD1C200C6F742 /* foundation */ = {
			isa = PBXGroup;
			children = (
				E67BC0C02AEAD52200C6F742 /* core */,
				E67BC0BF2AEAD51A00C6F742 /* network */,
				E67BC0BE2AEAD51000C6F742 /* stying */,
			);
			path = foundation;
			sourceTree = "<group>";
		};
		E67BC0A02AEAD1CD00C6F742 /* buildconfig */ = {
			isa = PBXGroup;
			children = (
				E67BC0C12AEAD57800C6F742 /* Debug.xcconfig */,
				E67BC0C22AEAD58F00C6F742 /* BuildConfig.swift */,
			);
			path = buildconfig;
			sourceTree = "<group>";
		};
		E67BC0A12AEAD28000C6F742 /* shortlink */ = {
			isa = PBXGroup;
			children = (
				E67BC0A22AEAD28C00C6F742 /* ui */,
				E67BC0A42AEAD29D00C6F742 /* domain */,
				E67BC0A32AEAD29300C6F742 /* data */,
				E67BC0A52AEAD2A400C6F742 /* di */,
			);
			path = shortlink;
			sourceTree = "<group>";
		};
		E67BC0A22AEAD28C00C6F742 /* ui */ = {
			isa = PBXGroup;
			children = (
				E67BC0AC2AEAD37A00C6F742 /* views */,
				E67BC0A62AEAD33A00C6F742 /* model */,
				E67BC0A92AEAD35B00C6F742 /* viewmodel */,
			);
			path = ui;
			sourceTree = "<group>";
		};
		E67BC0A32AEAD29300C6F742 /* data */ = {
			isa = PBXGroup;
			children = (
				E67BC0AF2AEAD3E700C6F742 /* remote */,
				E67BC0B52AEAD42400C6F742 /* ShortLinkRepository.swift */,
			);
			path = data;
			sourceTree = "<group>";
		};
		E67BC0A42AEAD29D00C6F742 /* domain */ = {
			isa = PBXGroup;
			children = (
				E67BC0B72AEAD47F00C6F742 /* model */,
				E67BC0BC2AEAD4C500C6F742 /* CreateShortLinkUseCase.swift */,
			);
			path = domain;
			sourceTree = "<group>";
		};
		E67BC0A52AEAD2A400C6F742 /* di */ = {
			isa = PBXGroup;
			children = (
				E67BC0AD2AEAD3CD00C6F742 /* ShortLinkInjector.swift */,
			);
			path = di;
			sourceTree = "<group>";
		};
		E67BC0A62AEAD33A00C6F742 /* model */ = {
			isa = PBXGroup;
			children = (
				E67BC0A72AEAD34D00C6F742 /* ShortLinkUIModels.swift */,
			);
			path = model;
			sourceTree = "<group>";
		};
		E67BC0A92AEAD35B00C6F742 /* viewmodel */ = {
			isa = PBXGroup;
			children = (
				E67BC0AA2AEAD36C00C6F742 /* ShortLinkViewModel.swift */,
			);
			path = viewmodel;
			sourceTree = "<group>";
		};
		E67BC0AC2AEAD37A00C6F742 /* views */ = {
			isa = PBXGroup;
			children = (
				E67BC0762AEACD9A00C6F742 /* ShortLinkView.swift */,
				E636E3832AEC62C6004291C6 /* ShortLinkListView.swift */,
				E636E3852AEC6321004291C6 /* ShortLinkItemView.swift */,
				E639F4C92AEEC7550034B838 /* InputLinkView.swift */,
			);
			path = views;
			sourceTree = "<group>";
		};
		E67BC0AF2AEAD3E700C6F742 /* remote */ = {
			isa = PBXGroup;
			children = (
				E67BC0B02AEAD3F100C6F742 /* model */,
				E67BC0B32AEAD41900C6F742 /* CreateShortLinkRemoteDataSource.swift */,
			);
			path = remote;
			sourceTree = "<group>";
		};
		E67BC0B02AEAD3F100C6F742 /* model */ = {
			isa = PBXGroup;
			children = (
				E67BC0B12AEAD40A00C6F742 /* CreateShortLinkRemoteModels.swift */,
			);
			path = model;
			sourceTree = "<group>";
		};
		E67BC0B72AEAD47F00C6F742 /* model */ = {
			isa = PBXGroup;
			children = (
				E67BC0B82AEAD48F00C6F742 /* ShortLinkDomainModels.swift */,
			);
			path = model;
			sourceTree = "<group>";
		};
		E67BC0BE2AEAD51000C6F742 /* stying */ = {
			isa = PBXGroup;
			children = (
				E6555C562AEC266B002B3C44 /* ToastView.swift */,
				E6555C5C2AEC389F002B3C44 /* View+Extension.swift */,
			);
			path = stying;
			sourceTree = "<group>";
		};
		E67BC0BF2AEAD51A00C6F742 /* network */ = {
			isa = PBXGroup;
			children = (
				E67BC0C42AEAD6C300C6F742 /* NetworkClientBuilder.swift */,
			);
			path = network;
			sourceTree = "<group>";
		};
		E67BC0C02AEAD52200C6F742 /* core */ = {
			isa = PBXGroup;
			children = (
				E67BC0C62AEAD95E00C6F742 /* URL+Extension.swift */,
				E67BC0C82AEAD9B300C6F742 /* String+Extension.swift */,
				E6555C582AEC269B002B3C44 /* CGFloat+Spacing.swift */,
				E6555C5E2AEC3BFC002B3C44 /* Localizable.xcstrings */,
			);
			path = core;
			sourceTree = "<group>";
		};
/* End PBXGroup section */

/* Begin PBXNativeTarget section */
		E67BC0702AEACD9A00C6F742 /* ShortLink */ = {
			isa = PBXNativeTarget;
			buildConfigurationList = E67BC0952AEACD9D00C6F742 /* Build configuration list for PBXNativeTarget "ShortLink" */;
			buildPhases = (
				E67BC06D2AEACD9A00C6F742 /* Sources */,
				E67BC06E2AEACD9A00C6F742 /* Frameworks */,
				E67BC06F2AEACD9A00C6F742 /* Resources */,
			);
			buildRules = (
			);
			dependencies = (
			);
			name = ShortLink;
			productName = ShortLink;
			productReference = E67BC0712AEACD9A00C6F742 /* ShortLink.app */;
			productType = "com.apple.product-type.application";
		};
		E67BC0802AEACD9C00C6F742 /* ShortLinkTests */ = {
			isa = PBXNativeTarget;
			buildConfigurationList = E67BC0982AEACD9D00C6F742 /* Build configuration list for PBXNativeTarget "ShortLinkTests" */;
			buildPhases = (
				E67BC07D2AEACD9C00C6F742 /* Sources */,
				E67BC07E2AEACD9C00C6F742 /* Frameworks */,
				E67BC07F2AEACD9C00C6F742 /* Resources */,
			);
			buildRules = (
			);
			dependencies = (
				E67BC0832AEACD9C00C6F742 /* PBXTargetDependency */,
			);
			name = ShortLinkTests;
			productName = ShortLinkTests;
			productReference = E67BC0812AEACD9C00C6F742 /* ShortLinkTests.xctest */;
			productType = "com.apple.product-type.bundle.unit-test";
		};
		E67BC08A2AEACD9C00C6F742 /* ShortLinkUITests */ = {
			isa = PBXNativeTarget;
			buildConfigurationList = E67BC09B2AEACD9D00C6F742 /* Build configuration list for PBXNativeTarget "ShortLinkUITests" */;
			buildPhases = (
				E67BC0872AEACD9C00C6F742 /* Sources */,
				E67BC0882AEACD9C00C6F742 /* Frameworks */,
				E67BC0892AEACD9C00C6F742 /* Resources */,
			);
			buildRules = (
			);
			dependencies = (
				E67BC08D2AEACD9D00C6F742 /* PBXTargetDependency */,
			);
			name = ShortLinkUITests;
			productName = ShortLinkUITests;
			productReference = E67BC08B2AEACD9D00C6F742 /* ShortLinkUITests.xctest */;
			productType = "com.apple.product-type.bundle.ui-testing";
		};
/* End PBXNativeTarget section */

/* Begin PBXProject section */
		E67BC0692AEACD9A00C6F742 /* Project object */ = {
			isa = PBXProject;
			attributes = {
				BuildIndependentTargetsInParallel = 1;
				LastSwiftUpdateCheck = 1500;
				LastUpgradeCheck = 1500;
				TargetAttributes = {
					E67BC0702AEACD9A00C6F742 = {
						CreatedOnToolsVersion = 15.0;
					};
					E67BC0802AEACD9C00C6F742 = {
						CreatedOnToolsVersion = 15.0;
						TestTargetID = E67BC0702AEACD9A00C6F742;
					};
					E67BC08A2AEACD9C00C6F742 = {
						CreatedOnToolsVersion = 15.0;
						TestTargetID = E67BC0702AEACD9A00C6F742;
					};
				};
			};
			buildConfigurationList = E67BC06C2AEACD9A00C6F742 /* Build configuration list for PBXProject "ShortLink" */;
			compatibilityVersion = "Xcode 14.0";
			developmentRegion = en;
			hasScannedForEncodings = 0;
			knownRegions = (
				en,
				Base,
			);
			mainGroup = E67BC0682AEACD9A00C6F742;
			productRefGroup = E67BC0722AEACD9A00C6F742 /* Products */;
			projectDirPath = "";
			projectRoot = "";
			targets = (
				E67BC0702AEACD9A00C6F742 /* ShortLink */,
				E67BC0802AEACD9C00C6F742 /* ShortLinkTests */,
				E67BC08A2AEACD9C00C6F742 /* ShortLinkUITests */,
			);
		};
/* End PBXProject section */

/* Begin PBXResourcesBuildPhase section */
		E67BC06F2AEACD9A00C6F742 /* Resources */ = {
			isa = PBXResourcesBuildPhase;
			buildActionMask = 2147483647;
			files = (
				E67BC07C2AEACD9C00C6F742 /* Preview Assets.xcassets in Resources */,
				E67BC0792AEACD9C00C6F742 /* Assets.xcassets in Resources */,
				E6555C5F2AEC3BFC002B3C44 /* Localizable.xcstrings in Resources */,
			);
			runOnlyForDeploymentPostprocessing = 0;
		};
		E67BC07F2AEACD9C00C6F742 /* Resources */ = {
			isa = PBXResourcesBuildPhase;
			buildActionMask = 2147483647;
			files = (
			);
			runOnlyForDeploymentPostprocessing = 0;
		};
		E67BC0892AEACD9C00C6F742 /* Resources */ = {
			isa = PBXResourcesBuildPhase;
			buildActionMask = 2147483647;
			files = (
			);
			runOnlyForDeploymentPostprocessing = 0;
		};
/* End PBXResourcesBuildPhase section */

/* Begin PBXSourcesBuildPhase section */
		E67BC06D2AEACD9A00C6F742 /* Sources */ = {
			isa = PBXSourcesBuildPhase;
			buildActionMask = 2147483647;
			files = (
				E6555C592AEC269B002B3C44 /* CGFloat+Spacing.swift in Sources */,
				E67BC0B62AEAD42400C6F742 /* ShortLinkRepository.swift in Sources */,
				E67BC0B22AEAD40A00C6F742 /* CreateShortLinkRemoteModels.swift in Sources */,
				E6555C5D2AEC389F002B3C44 /* View+Extension.swift in Sources */,
				E67BC0BD2AEAD4C500C6F742 /* CreateShortLinkUseCase.swift in Sources */,
				E67BC0772AEACD9A00C6F742 /* ShortLinkView.swift in Sources */,
				E6555C572AEC266B002B3C44 /* ToastView.swift in Sources */,
				E636E3842AEC62C6004291C6 /* ShortLinkListView.swift in Sources */,
				E67BC0C72AEAD95E00C6F742 /* URL+Extension.swift in Sources */,
				E67BC0B92AEAD48F00C6F742 /* ShortLinkDomainModels.swift in Sources */,
				E67BC0C32AEAD58F00C6F742 /* BuildConfig.swift in Sources */,
				E639F4CA2AEEC7550034B838 /* InputLinkView.swift in Sources */,
				E67BC0A82AEAD34D00C6F742 /* ShortLinkUIModels.swift in Sources */,
				E67BC0B42AEAD41900C6F742 /* CreateShortLinkRemoteDataSource.swift in Sources */,
				E67BC0C52AEAD6C300C6F742 /* NetworkClientBuilder.swift in Sources */,
				E67BC0AE2AEAD3CD00C6F742 /* ShortLinkInjector.swift in Sources */,
				E67BC0752AEACD9A00C6F742 /* ShortLinkApp.swift in Sources */,
				E67BC0C92AEAD9B300C6F742 /* String+Extension.swift in Sources */,
				E67BC0AB2AEAD36C00C6F742 /* ShortLinkViewModel.swift in Sources */,
				E636E3862AEC6321004291C6 /* ShortLinkItemView.swift in Sources */,
			);
			runOnlyForDeploymentPostprocessing = 0;
		};
		E67BC07D2AEACD9C00C6F742 /* Sources */ = {
			isa = PBXSourcesBuildPhase;
			buildActionMask = 2147483647;
			files = (
				E67BC0862AEACD9C00C6F742 /* ShortLinkRepositoryTests.swift in Sources */,
				E639F4CC2AEEFEC20034B838 /* ShortLinkViewModelTests.swift in Sources */,
			);
			runOnlyForDeploymentPostprocessing = 0;
		};
		E67BC0872AEACD9C00C6F742 /* Sources */ = {
			isa = PBXSourcesBuildPhase;
			buildActionMask = 2147483647;
			files = (
				E67BC0902AEACD9D00C6F742 /* ShortLinkUITests.swift in Sources */,
				E67BC0922AEACD9D00C6F742 /* ShortLinkUITestsLaunchTests.swift in Sources */,
			);
			runOnlyForDeploymentPostprocessing = 0;
		};
/* End PBXSourcesBuildPhase section */

/* Begin PBXTargetDependency section */
		E67BC0832AEACD9C00C6F742 /* PBXTargetDependency */ = {
			isa = PBXTargetDependency;
			target = E67BC0702AEACD9A00C6F742 /* ShortLink */;
			targetProxy = E67BC0822AEACD9C00C6F742 /* PBXContainerItemProxy */;
		};
		E67BC08D2AEACD9D00C6F742 /* PBXTargetDependency */ = {
			isa = PBXTargetDependency;
			target = E67BC0702AEACD9A00C6F742 /* ShortLink */;
			targetProxy = E67BC08C2AEACD9D00C6F742 /* PBXContainerItemProxy */;
		};
/* End PBXTargetDependency section */

/* Begin XCBuildConfiguration section */
		E67BC0932AEACD9D00C6F742 /* Debug */ = {
			isa = XCBuildConfiguration;
			baseConfigurationReference = E67BC0C12AEAD57800C6F742 /* Debug.xcconfig */;
			buildSettings = {
				ALWAYS_SEARCH_USER_PATHS = NO;
				ASSETCATALOG_COMPILER_GENERATE_SWIFT_ASSET_SYMBOL_EXTENSIONS = YES;
				CLANG_ANALYZER_NONNULL = YES;
				CLANG_ANALYZER_NUMBER_OBJECT_CONVERSION = YES_AGGRESSIVE;
				CLANG_CXX_LANGUAGE_STANDARD = "gnu++20";
				CLANG_ENABLE_MODULES = YES;
				CLANG_ENABLE_OBJC_ARC = YES;
				CLANG_ENABLE_OBJC_WEAK = YES;
				CLANG_WARN_BLOCK_CAPTURE_AUTORELEASING = YES;
				CLANG_WARN_BOOL_CONVERSION = YES;
				CLANG_WARN_COMMA = YES;
				CLANG_WARN_CONSTANT_CONVERSION = YES;
				CLANG_WARN_DEPRECATED_OBJC_IMPLEMENTATIONS = YES;
				CLANG_WARN_DIRECT_OBJC_ISA_USAGE = YES_ERROR;
				CLANG_WARN_DOCUMENTATION_COMMENTS = YES;
				CLANG_WARN_EMPTY_BODY = YES;
				CLANG_WARN_ENUM_CONVERSION = YES;
				CLANG_WARN_INFINITE_RECURSION = YES;
				CLANG_WARN_INT_CONVERSION = YES;
				CLANG_WARN_NON_LITERAL_NULL_CONVERSION = YES;
				CLANG_WARN_OBJC_IMPLICIT_RETAIN_SELF = YES;
				CLANG_WARN_OBJC_LITERAL_CONVERSION = YES;
				CLANG_WARN_OBJC_ROOT_CLASS = YES_ERROR;
				CLANG_WARN_QUOTED_INCLUDE_IN_FRAMEWORK_HEADER = YES;
				CLANG_WARN_RANGE_LOOP_ANALYSIS = YES;
				CLANG_WARN_STRICT_PROTOTYPES = YES;
				CLANG_WARN_SUSPICIOUS_MOVE = YES;
				CLANG_WARN_UNGUARDED_AVAILABILITY = YES_AGGRESSIVE;
				CLANG_WARN_UNREACHABLE_CODE = YES;
				CLANG_WARN__DUPLICATE_METHOD_MATCH = YES;
				COPY_PHASE_STRIP = NO;
				DEBUG_INFORMATION_FORMAT = dwarf;
				ENABLE_STRICT_OBJC_MSGSEND = YES;
				ENABLE_TESTABILITY = YES;
				ENABLE_USER_SCRIPT_SANDBOXING = YES;
				GCC_C_LANGUAGE_STANDARD = gnu17;
				GCC_DYNAMIC_NO_PIC = NO;
				GCC_NO_COMMON_BLOCKS = YES;
				GCC_OPTIMIZATION_LEVEL = 0;
				GCC_PREPROCESSOR_DEFINITIONS = (
					"DEBUG=1",
					"$(inherited)",
				);
				GCC_WARN_64_TO_32_BIT_CONVERSION = YES;
				GCC_WARN_ABOUT_RETURN_TYPE = YES_ERROR;
				GCC_WARN_UNDECLARED_SELECTOR = YES;
				GCC_WARN_UNINITIALIZED_AUTOS = YES_AGGRESSIVE;
				GCC_WARN_UNUSED_FUNCTION = YES;
				GCC_WARN_UNUSED_VARIABLE = YES;
				IPHONEOS_DEPLOYMENT_TARGET = 16.0;
				LOCALIZATION_PREFERS_STRING_CATALOGS = YES;
				MTL_ENABLE_DEBUG_INFO = INCLUDE_SOURCE;
				MTL_FAST_MATH = YES;
				ONLY_ACTIVE_ARCH = YES;
				SDKROOT = iphoneos;
				SWIFT_ACTIVE_COMPILATION_CONDITIONS = "DEBUG $(inherited)";
				SWIFT_OPTIMIZATION_LEVEL = "-Onone";
			};
			name = Debug;
		};
		E67BC0942AEACD9D00C6F742 /* Release */ = {
			isa = XCBuildConfiguration;
			buildSettings = {
				ALWAYS_SEARCH_USER_PATHS = NO;
				ASSETCATALOG_COMPILER_GENERATE_SWIFT_ASSET_SYMBOL_EXTENSIONS = YES;
				CLANG_ANALYZER_NONNULL = YES;
				CLANG_ANALYZER_NUMBER_OBJECT_CONVERSION = YES_AGGRESSIVE;
				CLANG_CXX_LANGUAGE_STANDARD = "gnu++20";
				CLANG_ENABLE_MODULES = YES;
				CLANG_ENABLE_OBJC_ARC = YES;
				CLANG_ENABLE_OBJC_WEAK = YES;
				CLANG_WARN_BLOCK_CAPTURE_AUTORELEASING = YES;
				CLANG_WARN_BOOL_CONVERSION = YES;
				CLANG_WARN_COMMA = YES;
				CLANG_WARN_CONSTANT_CONVERSION = YES;
				CLANG_WARN_DEPRECATED_OBJC_IMPLEMENTATIONS = YES;
				CLANG_WARN_DIRECT_OBJC_ISA_USAGE = YES_ERROR;
				CLANG_WARN_DOCUMENTATION_COMMENTS = YES;
				CLANG_WARN_EMPTY_BODY = YES;
				CLANG_WARN_ENUM_CONVERSION = YES;
				CLANG_WARN_INFINITE_RECURSION = YES;
				CLANG_WARN_INT_CONVERSION = YES;
				CLANG_WARN_NON_LITERAL_NULL_CONVERSION = YES;
				CLANG_WARN_OBJC_IMPLICIT_RETAIN_SELF = YES;
				CLANG_WARN_OBJC_LITERAL_CONVERSION = YES;
				CLANG_WARN_OBJC_ROOT_CLASS = YES_ERROR;
				CLANG_WARN_QUOTED_INCLUDE_IN_FRAMEWORK_HEADER = YES;
				CLANG_WARN_RANGE_LOOP_ANALYSIS = YES;
				CLANG_WARN_STRICT_PROTOTYPES = YES;
				CLANG_WARN_SUSPICIOUS_MOVE = YES;
				CLANG_WARN_UNGUARDED_AVAILABILITY = YES_AGGRESSIVE;
				CLANG_WARN_UNREACHABLE_CODE = YES;
				CLANG_WARN__DUPLICATE_METHOD_MATCH = YES;
				COPY_PHASE_STRIP = NO;
				DEBUG_INFORMATION_FORMAT = "dwarf-with-dsym";
				ENABLE_NS_ASSERTIONS = NO;
				ENABLE_STRICT_OBJC_MSGSEND = YES;
				ENABLE_USER_SCRIPT_SANDBOXING = YES;
				GCC_C_LANGUAGE_STANDARD = gnu17;
				GCC_NO_COMMON_BLOCKS = YES;
				GCC_WARN_64_TO_32_BIT_CONVERSION = YES;
				GCC_WARN_ABOUT_RETURN_TYPE = YES_ERROR;
				GCC_WARN_UNDECLARED_SELECTOR = YES;
				GCC_WARN_UNINITIALIZED_AUTOS = YES_AGGRESSIVE;
				GCC_WARN_UNUSED_FUNCTION = YES;
				GCC_WARN_UNUSED_VARIABLE = YES;
				IPHONEOS_DEPLOYMENT_TARGET = 16.0;
				LOCALIZATION_PREFERS_STRING_CATALOGS = YES;
				MTL_ENABLE_DEBUG_INFO = NO;
				MTL_FAST_MATH = YES;
				SDKROOT = iphoneos;
				SWIFT_COMPILATION_MODE = wholemodule;
				VALIDATE_PRODUCT = YES;
			};
			name = Release;
		};
		E67BC0962AEACD9D00C6F742 /* Debug */ = {
			isa = XCBuildConfiguration;
			buildSettings = {
				ASSETCATALOG_COMPILER_APPICON_NAME = AppIcon;
				ASSETCATALOG_COMPILER_GLOBAL_ACCENT_COLOR_NAME = AccentColor;
				CODE_SIGN_STYLE = Manual;
				CURRENT_PROJECT_VERSION = 1;
				DEVELOPMENT_ASSET_PATHS = "\"ShortLink/Preview Content\"";
				DEVELOPMENT_TEAM = "";
				ENABLE_PREVIEWS = YES;
				GENERATE_INFOPLIST_FILE = YES;
				INFOPLIST_FILE = ShortLink/Info.plist;
				INFOPLIST_KEY_CFBundleDisplayName = "";
				INFOPLIST_KEY_LSApplicationCategoryType = "";
				INFOPLIST_KEY_UIApplicationSceneManifest_Generation = YES;
				INFOPLIST_KEY_UIApplicationSupportsIndirectInputEvents = YES;
				INFOPLIST_KEY_UILaunchScreen_Generation = YES;
				INFOPLIST_KEY_UISupportedInterfaceOrientations_iPad = "UIInterfaceOrientationPortrait UIInterfaceOrientationPortraitUpsideDown UIInterfaceOrientationLandscapeLeft UIInterfaceOrientationLandscapeRight";
				INFOPLIST_KEY_UISupportedInterfaceOrientations_iPhone = "UIInterfaceOrientationPortrait UIInterfaceOrientationLandscapeLeft UIInterfaceOrientationLandscapeRight";
				INFOPLIST_KEY_UIUserInterfaceStyle = Dark;
				LD_RUNPATH_SEARCH_PATHS = (
					"$(inherited)",
					"@executable_path/Frameworks",
				);
				MARKETING_VERSION = 1.0;
				PRODUCT_BUNDLE_IDENTIFIER = eder.dev.pad.ShortLink;
				PRODUCT_NAME = "$(TARGET_NAME)";
				PROVISIONING_PROFILE_SPECIFIER = "";
				SWIFT_EMIT_LOC_STRINGS = YES;
				SWIFT_VERSION = 5.0;
				TARGETED_DEVICE_FAMILY = "1,2";
			};
			name = Debug;
		};
		E67BC0972AEACD9D00C6F742 /* Release */ = {
			isa = XCBuildConfiguration;
			buildSettings = {
				ASSETCATALOG_COMPILER_APPICON_NAME = AppIcon;
				ASSETCATALOG_COMPILER_GLOBAL_ACCENT_COLOR_NAME = AccentColor;
				CODE_SIGN_STYLE = Manual;
				CURRENT_PROJECT_VERSION = 1;
				DEVELOPMENT_ASSET_PATHS = "\"ShortLink/Preview Content\"";
				DEVELOPMENT_TEAM = "";
				ENABLE_PREVIEWS = YES;
				GENERATE_INFOPLIST_FILE = YES;
				INFOPLIST_FILE = ShortLink/Info.plist;
				INFOPLIST_KEY_CFBundleDisplayName = "";
				INFOPLIST_KEY_LSApplicationCategoryType = "";
				INFOPLIST_KEY_UIApplicationSceneManifest_Generation = YES;
				INFOPLIST_KEY_UIApplicationSupportsIndirectInputEvents = YES;
				INFOPLIST_KEY_UILaunchScreen_Generation = YES;
				INFOPLIST_KEY_UISupportedInterfaceOrientations_iPad = "UIInterfaceOrientationPortrait UIInterfaceOrientationPortraitUpsideDown UIInterfaceOrientationLandscapeLeft UIInterfaceOrientationLandscapeRight";
				INFOPLIST_KEY_UISupportedInterfaceOrientations_iPhone = "UIInterfaceOrientationPortrait UIInterfaceOrientationLandscapeLeft UIInterfaceOrientationLandscapeRight";
				INFOPLIST_KEY_UIUserInterfaceStyle = Dark;
				LD_RUNPATH_SEARCH_PATHS = (
					"$(inherited)",
					"@executable_path/Frameworks",
				);
				MARKETING_VERSION = 1.0;
				PRODUCT_BUNDLE_IDENTIFIER = eder.dev.pad.ShortLink;
				PRODUCT_NAME = "$(TARGET_NAME)";
				PROVISIONING_PROFILE_SPECIFIER = "";
				SWIFT_EMIT_LOC_STRINGS = YES;
				SWIFT_VERSION = 5.0;
				TARGETED_DEVICE_FAMILY = "1,2";
			};
			name = Release;
		};
		E67BC0992AEACD9D00C6F742 /* Debug */ = {
			isa = XCBuildConfiguration;
			buildSettings = {
				ALWAYS_EMBED_SWIFT_STANDARD_LIBRARIES = YES;
				BUNDLE_LOADER = "$(TEST_HOST)";
				CODE_SIGN_STYLE = Automatic;
				CURRENT_PROJECT_VERSION = 1;
				DEVELOPMENT_TEAM = R2ZKT7XPX2;
				GENERATE_INFOPLIST_FILE = YES;
				IPHONEOS_DEPLOYMENT_TARGET = 17.0;
				MARKETING_VERSION = 1.0;
				PRODUCT_BUNDLE_IDENTIFIER = eder.dev.pad.ShortLinkTests;
				PRODUCT_NAME = "$(TARGET_NAME)";
				SWIFT_EMIT_LOC_STRINGS = NO;
				SWIFT_VERSION = 5.0;
				TARGETED_DEVICE_FAMILY = "1,2";
				TEST_HOST = "$(BUILT_PRODUCTS_DIR)/ShortLink.app/$(BUNDLE_EXECUTABLE_FOLDER_PATH)/ShortLink";
			};
			name = Debug;
		};
		E67BC09A2AEACD9D00C6F742 /* Release */ = {
			isa = XCBuildConfiguration;
			buildSettings = {
				ALWAYS_EMBED_SWIFT_STANDARD_LIBRARIES = YES;
				BUNDLE_LOADER = "$(TEST_HOST)";
				CODE_SIGN_STYLE = Automatic;
				CURRENT_PROJECT_VERSION = 1;
				DEVELOPMENT_TEAM = R2ZKT7XPX2;
				GENERATE_INFOPLIST_FILE = YES;
				IPHONEOS_DEPLOYMENT_TARGET = 17.0;
				MARKETING_VERSION = 1.0;
				PRODUCT_BUNDLE_IDENTIFIER = eder.dev.pad.ShortLinkTests;
				PRODUCT_NAME = "$(TARGET_NAME)";
				SWIFT_EMIT_LOC_STRINGS = NO;
				SWIFT_VERSION = 5.0;
				TARGETED_DEVICE_FAMILY = "1,2";
				TEST_HOST = "$(BUILT_PRODUCTS_DIR)/ShortLink.app/$(BUNDLE_EXECUTABLE_FOLDER_PATH)/ShortLink";
			};
			name = Release;
		};
		E67BC09C2AEACD9D00C6F742 /* Debug */ = {
			isa = XCBuildConfiguration;
			buildSettings = {
				ALWAYS_EMBED_SWIFT_STANDARD_LIBRARIES = YES;
				CODE_SIGN_STYLE = Automatic;
				CURRENT_PROJECT_VERSION = 1;
				DEVELOPMENT_TEAM = R2ZKT7XPX2;
				GENERATE_INFOPLIST_FILE = YES;
				MARKETING_VERSION = 1.0;
				PRODUCT_BUNDLE_IDENTIFIER = eder.dev.pad.ShortLinkUITests;
				PRODUCT_NAME = "$(TARGET_NAME)";
				SWIFT_EMIT_LOC_STRINGS = NO;
				SWIFT_VERSION = 5.0;
				TARGETED_DEVICE_FAMILY = "1,2";
				TEST_TARGET_NAME = ShortLink;
			};
			name = Debug;
		};
		E67BC09D2AEACD9D00C6F742 /* Release */ = {
			isa = XCBuildConfiguration;
			buildSettings = {
				ALWAYS_EMBED_SWIFT_STANDARD_LIBRARIES = YES;
				CODE_SIGN_STYLE = Automatic;
				CURRENT_PROJECT_VERSION = 1;
				DEVELOPMENT_TEAM = R2ZKT7XPX2;
				GENERATE_INFOPLIST_FILE = YES;
				MARKETING_VERSION = 1.0;
				PRODUCT_BUNDLE_IDENTIFIER = eder.dev.pad.ShortLinkUITests;
				PRODUCT_NAME = "$(TARGET_NAME)";
				SWIFT_EMIT_LOC_STRINGS = NO;
				SWIFT_VERSION = 5.0;
				TARGETED_DEVICE_FAMILY = "1,2";
				TEST_TARGET_NAME = ShortLink;
			};
			name = Release;
		};
/* End XCBuildConfiguration section */

/* Begin XCConfigurationList section */
		E67BC06C2AEACD9A00C6F742 /* Build configuration list for PBXProject "ShortLink" */ = {
			isa = XCConfigurationList;
			buildConfigurations = (
				E67BC0932AEACD9D00C6F742 /* Debug */,
				E67BC0942AEACD9D00C6F742 /* Release */,
			);
			defaultConfigurationIsVisible = 0;
			defaultConfigurationName = Release;
		};
		E67BC0952AEACD9D00C6F742 /* Build configuration list for PBXNativeTarget "ShortLink" */ = {
			isa = XCConfigurationList;
			buildConfigurations = (
				E67BC0962AEACD9D00C6F742 /* Debug */,
				E67BC0972AEACD9D00C6F742 /* Release */,
			);
			defaultConfigurationIsVisible = 0;
			defaultConfigurationName = Release;
		};
		E67BC0982AEACD9D00C6F742 /* Build configuration list for PBXNativeTarget "ShortLinkTests" */ = {
			isa = XCConfigurationList;
			buildConfigurations = (
				E67BC0992AEACD9D00C6F742 /* Debug */,
				E67BC09A2AEACD9D00C6F742 /* Release */,
			);
			defaultConfigurationIsVisible = 0;
			defaultConfigurationName = Release;
		};
		E67BC09B2AEACD9D00C6F742 /* Build configuration list for PBXNativeTarget "ShortLinkUITests" */ = {
			isa = XCConfigurationList;
			buildConfigurations = (
				E67BC09C2AEACD9D00C6F742 /* Debug */,
				E67BC09D2AEACD9D00C6F742 /* Release */,
			);
			defaultConfigurationIsVisible = 0;
			defaultConfigurationName = Release;
		};
/* End XCConfigurationList section */
	};
	rootObject = E67BC0692AEACD9A00C6F742 /* Project object */;
}
